
Microsoft Visual Studio Solution File, Format Version 12.00
# Visual Studio Version 16
VisualStudioVersion = 16.0.32002.261
MinimumVisualStudioVersion = 10.0.40219.1
Project("{FAE04EC0-301F-11D3-BF4B-00C04F79EFBC}") = "MyFirstAspNetCoreWebApplication", "MyFirstAspNetCoreWebApplication\MyFirstAspNetCoreWebApplication.csproj", "{D195B309-D1F4-4B82-B0E2-A005FE8386B6}"
EndProject
Global
	GlobalSection(SolutionConfigurationPlatforms) = preSolution
		Debug|Any CPU = Debug|Any CPU
		Release|Any CPU = Release|Any CPU
	EndGlobalSection
	GlobalSection(ProjectConfigurationPlatforms) = postSolution
		{D195B309-D1F4-4B82-B0E2-A005FE8386B6}.Debug|Any CPU.ActiveCfg = Debug|Any CPU
		{D195B309-D1F4-4B82-B0E2-A005FE8386B6}.Debug|Any CPU.Build.0 = Debug|Any CPU
		{D195B309-D1F4-4B82-B0E2-A005FE8386B6}.Release|Any CPU.ActiveCfg = Release|Any CPU
		{D195B309-D1F4-4B82-B0E2-A005FE8386B6}.Release|Any CPU.Build.0 = Release|Any CPU
	EndGlobalSection
	GlobalSection(SolutionProperties) = preSolution
		HideSolutionNode = FALSE
	EndGlobalSection
	GlobalSection(ExtensibilityGlobals) = postSolution
		SolutionGuid = {6656770C-580A-48E1-8FFC-0EB828FA078C}
	EndGlobalSection
EndGlobal
